{
  "nodes": {
    "nixpkgs": {
      "locked": {
        "lastModified": 1642210689,
        "narHash": "sha256-ORT7pNlPyjEQ328IflHeA0mcKsJ8/+fPh9L66CTqHLA=",
        "owner": "zhaofengli",
        "repo": "nixpkgs",
        "rev": "c6a277fba79364aca312f3966418842210c4c865",
        "type": "github"
      },
      "original": {
        "owner": "zhaofengli",
        "ref": "riscv",
        "repo": "nixpkgs",
        "type": "github"
      }
    },
    "nixpkgs-unstable-small": {
      "locked": {
        "lastModified": 1673609238,
        "narHash": "sha256-mqbIEVpJqzYjNf8Bt7kM88206wvvFM9PCE23m8psGrg=",
        "owner": "nixos",
        "repo": "nixpkgs",
        "rev": "fa22ac862f74252d896d4ac7b76e00034682eacf",
        "type": "github"
      },
      "original": {
        "owner": "nixos",
        "ref": "nixos-unstable-small",
        "repo": "nixpkgs",
        "type": "github"
      }
    },
    "root": {
      "inputs": {
        "nixpkgs": "nixpkgs",
        "nixpkgs-unstable-small": "nixpkgs-unstable-small"
      }
    }
  },
  "root": "root",
  "version": 7
}
